PODS:
  - Masonry (1.1.0)
  - MJRefresh (3.1.15.7)
  - "UITableView+FDTemplateLayoutCell (1.6)"

DEPENDENCIES:
  - Masonry
  - MJRefresh
  - "UITableView+FDTemplateLayoutCell"

SPEC REPOS:
  https://github.com/cocoapods/specs.git:
    - Masonry
    - MJRefresh
    - "UITableView+FDTemplateLayoutCell"

SPEC CHECKSUMS:
  Masonry: 678fab65091a9290e40e2832a55e7ab731aad201
  MJRefresh: 697f8ec75ebdbe9207767bb682cf0f51b0d8a41f
  "UITableView+FDTemplateLayoutCell": 5c949b4a5059c404b442926c0e80f81d10a2d66f

PODFILE CHECKSUM: 2ade5b10acb91ac5ae320dd34444abfc0ae30ba9

COCOAPODS: 1.6.0
